{
  "name": "cebrify-test",
  "version": "1.0.0",
  "lockfileVersion": 2,
  "requires": true,
  "packages": {
    "": {
      "name": "cebrify-test",
      "version": "1.0.0",
      "license": "ISC",
      "dependencies": {
        "cebrify": "^1.0.1",
        "lodash": "^4.17.21"
      }
    },
    "node_modules/cebrify": {
      "version": "1.0.1",
      "resolved": "https://registry.npmjs.org/cebrify/-/cebrify-1.0.1.tgz",
      "integrity": "sha512-PpyM/sJLEjiYafwkiMM0TZlNtDsIpnjvFWrdgvDFhmlxsgEB3JwLw/VDIKGNxhmp1Yr5YJ+Sad1BumjWTBntTQ=="
    },
    "node_modules/lodash": {
      "version": "4.17.21",
      "resolved": "https://registry.npmjs.org/lodash/-/lodash-4.17.21.tgz",
      "integrity": "sha512-v2kDEe57lecTulaDIuNTPy3Ry4gLGJ6Z1O3vE1krgXZNrsQ+LFTGHVxVjcXPs17LhbZVGedAJv8XZ1tvj5FvSg=="
    }
  },
  "dependencies": {
    "cebrify": {
      "version": "1.0.1",
      "resolved": "https://registry.npmjs.org/cebrify/-/cebrify-1.0.1.tgz",
      "integrity": "sha512-PpyM/sJLEjiYafwkiMM0TZlNtDsIpnjvFWrdgvDFhmlxsgEB3JwLw/VDIKGNxhmp1Yr5YJ+Sad1BumjWTBntTQ=="
    },
    "lodash": {
      "version": "4.17.21",
      "resolved": "https://registry.npmjs.org/lodash/-/lodash-4.17.21.tgz",
      "integrity": "sha512-v2kDEe57lecTulaDIuNTPy3Ry4gLGJ6Z1O3vE1krgXZNrsQ+LFTGHVxVjcXPs17LhbZVGedAJv8XZ1tvj5FvSg=="
    }
  }
}
